
Microsoft Visual Studio Solution File, Format Version 12.00
# Visual Studio Version 16
VisualStudioVersion = 16.0.31005.135
MinimumVisualStudioVersion = 10.0.40219.1
Project("{FAE04EC0-301F-11D3-BF4B-00C04F79EFBC}") = "task2", "task2\task2.csproj", "{9BFAA373-8B41-4F3E-ADDE-7737E5AEF261}"
EndProject
Global
	GlobalSection(SolutionConfigurationPlatforms) = preSolution
		Debug|Any CPU = Debug|Any CPU
		Release|Any CPU = Release|Any CPU
	EndGlobalSection
	GlobalSection(ProjectConfigurationPlatforms) = postSolution
		{9BFAA373-8B41-4F3E-ADDE-7737E5AEF261}.Debug|Any CPU.ActiveCfg = Debug|Any CPU
		{9BFAA373-8B41-4F3E-ADDE-7737E5AEF261}.Debug|Any CPU.Build.0 = Debug|Any CPU
		{9BFAA373-8B41-4F3E-ADDE-7737E5AEF261}.Release|Any CPU.ActiveCfg = Release|Any CPU
		{9BFAA373-8B41-4F3E-ADDE-7737E5AEF261}.Release|Any CPU.Build.0 = Release|Any CPU
	EndGlobalSection
	GlobalSection(SolutionProperties) = preSolution
		HideSolutionNode = FALSE
	EndGlobalSection
	GlobalSection(ExtensibilityGlobals) = postSolution
		SolutionGuid = {2708340A-08DD-4BFA-83A0-89FA718A6B07}
	EndGlobalSection
EndGlobal
